
Microsoft Visual Studio Solution File, Format Version 12.00
# Visual Studio 15
VisualStudioVersion = 15.0.28307.1259
MinimumVisualStudioVersion = 10.0.40219.1
Project("{FAE04EC0-301F-11D3-BF4B-00C04F79EFBC}") = "ServerdanClient_Nanda yudha pratama_004", "ServerdanClient_Nanda yudha pratama_004\ServerdanClient_Nanda yudha pratama_004.csproj", "{EA265C23-DCAC-4B18-8435-336EE7AF6953}"
EndProject
Project("{FAE04EC0-301F-11D3-BF4B-00C04F79EFBC}") = "Server_Nanda yudha pratama_004", "Server_Nanda yudha pratama_004\Server_Nanda yudha pratama_004.csproj", "{654E8146-A696-4D25-9DE7-5A04E49AEC45}"
EndProject
Project("{FAE04EC0-301F-11D3-BF4B-00C04F79EFBC}") = "Client_Nanda yudha pratama_004", "Client_Nanda yudha pratama_004\Client_Nanda yudha pratama_004.csproj", "{6D91B682-0406-463D-B770-215FDA4DC637}"
EndProject
Global
	GlobalSection(SolutionConfigurationPlatforms) = preSolution
		Debug|Any CPU = Debug|Any CPU
		Release|Any CPU = Release|Any CPU
	EndGlobalSection
	GlobalSection(ProjectConfigurationPlatforms) = postSolution
		{EA265C23-DCAC-4B18-8435-336EE7AF6953}.Debug|Any CPU.ActiveCfg = Debug|Any CPU
		{EA265C23-DCAC-4B18-8435-336EE7AF6953}.Debug|Any CPU.Build.0 = Debug|Any CPU
		{EA265C23-DCAC-4B18-8435-336EE7AF6953}.Release|Any CPU.ActiveCfg = Release|Any CPU
		{EA265C23-DCAC-4B18-8435-336EE7AF6953}.Release|Any CPU.Build.0 = Release|Any CPU
		{654E8146-A696-4D25-9DE7-5A04E49AEC45}.Debug|Any CPU.ActiveCfg = Debug|Any CPU
		{654E8146-A696-4D25-9DE7-5A04E49AEC45}.Debug|Any CPU.Build.0 = Debug|Any CPU
		{654E8146-A696-4D25-9DE7-5A04E49AEC45}.Release|Any CPU.ActiveCfg = Release|Any CPU
		{654E8146-A696-4D25-9DE7-5A04E49AEC45}.Release|Any CPU.Build.0 = Release|Any CPU
		{6D91B682-0406-463D-B770-215FDA4DC637}.Debug|Any CPU.ActiveCfg = Debug|Any CPU
		{6D91B682-0406-463D-B770-215FDA4DC637}.Debug|Any CPU.Build.0 = Debug|Any CPU
		{6D91B682-0406-463D-B770-215FDA4DC637}.Release|Any CPU.ActiveCfg = Release|Any CPU
		{6D91B682-0406-463D-B770-215FDA4DC637}.Release|Any CPU.Build.0 = Release|Any CPU
	EndGlobalSection
	GlobalSection(SolutionProperties) = preSolution
		HideSolutionNode = FALSE
	EndGlobalSection
	GlobalSection(ExtensibilityGlobals) = postSolution
		SolutionGuid = {B7319E4F-70FE-4FE2-81B2-0413283A579F}
	EndGlobalSection
EndGlobal
